
Microsoft Visual Studio Solution File, Format Version 12.00
# Visual Studio Version 16
VisualStudioVersion = 16.0.30804.86
MinimumVisualStudioVersion = 10.0.40219.1
Project("{8BC9CEB8-8B4A-11D0-8D11-00A0C91BC942}") = "ExampleDLLMod", "ExampleDLLMod.vcxproj", "{D200E84B-68F7-4956-BD51-9A34F91FF9CF}"
EndProject
Global
	GlobalSection(SolutionConfigurationPlatforms) = preSolution
		Debug|x64 = Debug|x64
		Debug|x86 = Debug|x86
		Release|x64 = Release|x64
		Release|x86 = Release|x86
	EndGlobalSection
	GlobalSection(ProjectConfigurationPlatforms) = postSolution
		{D200E84B-68F7-4956-BD51-9A34F91FF9CF}.Debug|x64.ActiveCfg = Debug|x64
		{D200E84B-68F7-4956-BD51-9A34F91FF9CF}.Debug|x64.Build.0 = Debug|x64
		{D200E84B-68F7-4956-BD51-9A34F91FF9CF}.Debug|x86.ActiveCfg = Debug|Win32
		{D200E84B-68F7-4956-BD51-9A34F91FF9CF}.Debug|x86.Build.0 = Debug|Win32
		{D200E84B-68F7-4956-BD51-9A34F91FF9CF}.Release|x64.ActiveCfg = Release|x64
		{D200E84B-68F7-4956-BD51-9A34F91FF9CF}.Release|x64.Build.0 = Release|x64
		{D200E84B-68F7-4956-BD51-9A34F91FF9CF}.Release|x86.ActiveCfg = Release|Win32
		{D200E84B-68F7-4956-BD51-9A34F91FF9CF}.Release|x86.Build.0 = Release|Win32
	EndGlobalSection
	GlobalSection(SolutionProperties) = preSolution
		HideSolutionNode = FALSE
	EndGlobalSection
	GlobalSection(ExtensibilityGlobals) = postSolution
		SolutionGuid = {8DB80915-E886-446B-A4BB-50A8FCA62FFF}
	EndGlobalSection
EndGlobal
